// !$*UTF8*$!
{
	archiveVersion = 1;
	classes = {
	};
	objectVersion = 50;
	objects = {

/* Begin PBXBuildFile section */
		8B53914821B4057D00E124A0 /* AppDelegate.swift in Sources */ = {isa = PBXBuildFile; fileRef = 8B53914721B4057D00E124A0 /* AppDelegate.swift */; };
		8B53914A21B4057D00E124A0 /* ViewController.swift in Sources */ = {isa = PBXBuildFile; fileRef = 8B53914921B4057D00E124A0 /* ViewController.swift */; };
		8B53914D21B4057D00E124A0 /* Main.storyboard in Resources */ = {isa = PBXBuildFile; fileRef = 8B53914B21B4057D00E124A0 /* Main.storyboard */; };
		8B53914F21B4057F00E124A0 /* Assets.xcassets in Resources */ = {isa = PBXBuildFile; fileRef = 8B53914E21B4057F00E124A0 /* Assets.xcassets */; };
		8B53915221B4057F00E124A0 /* LaunchScreen.storyboard in Resources */ = {isa = PBXBuildFile; fileRef = 8B53915021B4057F00E124A0 /* LaunchScreen.storyboard */; };
		8B53915D21B4057F00E124A0 /* XcodeGenTests.swift in Sources */ = {isa = PBXBuildFile; fileRef = 8B53915C21B4057F00E124A0 /* XcodeGenTests.swift */; };
		8B53916821B4057F00E124A0 /* XcodeGenUITests.swift in Sources */ = {isa = PBXBuildFile; fileRef = 8B53916721B4057F00E124A0 /* XcodeGenUITests.swift */; };
		8B5391BB21B41ABF00E124A0 /* NotificationService.swift in Sources */ = {isa = PBXBuildFile; fileRef = 8B5391BA21B41ABF00E124A0 /* NotificationService.swift */; };
		8B5391BF21B41ABF00E124A0 /* Notification Service Extension.appex in Embed App Extensions */ = {isa = PBXBuildFile; fileRef = 8B5391B821B41ABF00E124A0 /* Notification Service Extension.appex */; settings = {ATTRIBUTES = (RemoveHeadersOnCopy, ); }; };
		8B59760921B42BA5000554EF /* Alamofire.framework in Frameworks */ = {isa = PBXBuildFile; fileRef = 8B53938A21B4226D00E124A0 /* Alamofire.framework */; };
		8B59760A21B42BA5000554EF /* Alamofire.framework in Embed Frameworks */ = {isa = PBXBuildFile; fileRef = 8B53938A21B4226D00E124A0 /* Alamofire.framework */; settings = {ATTRIBUTES = (CodeSignOnCopy, RemoveHeadersOnCopy, ); }; };
		8B59760F21B42CA3000554EF /* Development.xcconfig in Resources */ = {isa = PBXBuildFile; fileRef = 8B59760D21B42CA3000554EF /* Development.xcconfig */; };
		8B59761021B42CA3000554EF /* Production.xcconfig in Resources */ = {isa = PBXBuildFile; fileRef = 8B59760E21B42CA3000554EF /* Production.xcconfig */; };
/* End PBXBuildFile section */

/* Begin PBXContainerItemProxy section */
		8B53915921B4057F00E124A0 /* PBXContainerItemProxy */ = {
			isa = PBXContainerItemProxy;
			containerPortal = 8B53913C21B4057D00E124A0 /* Project object */;
			proxyType = 1;
			remoteGlobalIDString = 8B53914321B4057D00E124A0;
			remoteInfo = XcodeGen;
		};
		8B53916421B4057F00E124A0 /* PBXContainerItemProxy */ = {
			isa = PBXContainerItemProxy;
			containerPortal = 8B53913C21B4057D00E124A0 /* Project object */;
			proxyType = 1;
			remoteGlobalIDString = 8B53914321B4057D00E124A0;
			remoteInfo = XcodeGen;
		};
		8B5391BD21B41ABF00E124A0 /* PBXContainerItemProxy */ = {
			isa = PBXContainerItemProxy;
			containerPortal = 8B53913C21B4057D00E124A0 /* Project object */;
			proxyType = 1;
			remoteGlobalIDString = 8B5391B721B41ABF00E124A0;
			remoteInfo = "Notification Service Extension";
		};
/* End PBXContainerItemProxy section */

/* Begin PBXCopyFilesBuildPhase section */
		8B5391C321B41ABF00E124A0 /* Embed App Extensions */ = {
			isa = PBXCopyFilesBuildPhase;
			buildActionMask = 2147483647;
			dstPath = "";
			dstSubfolderSpec = 13;
			files = (
				8B5391BF21B41ABF00E124A0 /* Notification Service Extension.appex in Embed App Extensions */,
			);
			name = "Embed App Extensions";
			runOnlyForDeploymentPostprocessing = 0;
		};
		8B59760B21B42BA5000554EF /* Embed Frameworks */ = {
			isa = PBXCopyFilesBuildPhase;
			buildActionMask = 2147483647;
			dstPath = "";
			dstSubfolderSpec = 10;
			files = (
				8B59760A21B42BA5000554EF /* Alamofire.framework in Embed Frameworks */,
			);
			name = "Embed Frameworks";
			runOnlyForDeploymentPostprocessing = 0;
		};
/* End PBXCopyFilesBuildPhase section */

/* Begin PBXFileReference section */
		8B53914421B4057D00E124A0 /* Dev.app */ = {isa = PBXFileReference; explicitFileType = wrapper.application; includeInIndex = 0; path = Dev.app; sourceTree = BUILT_PRODUCTS_DIR; };
		8B53914721B4057D00E124A0 /* AppDelegate.swift */ = {isa = PBXFileReference; lastKnownFileType = sourcecode.swift; path = AppDelegate.swift; sourceTree = "<group>"; };
		8B53914921B4057D00E124A0 /* ViewController.swift */ = {isa = PBXFileReference; lastKnownFileType = sourcecode.swift; path = ViewController.swift; sourceTree = "<group>"; };
		8B53914C21B4057D00E124A0 /* Base */ = {isa = PBXFileReference; lastKnownFileType = file.storyboard; name = Base; path = Base.lproj/Main.storyboard; sourceTree = "<group>"; };
		8B53914E21B4057F00E124A0 /* Assets.xcassets */ = {isa = PBXFileReference; lastKnownFileType = folder.assetcatalog; path = Assets.xcassets; sourceTree = "<group>"; };
		8B53915121B4057F00E124A0 /* Base */ = {isa = PBXFileReference; lastKnownFileType = file.storyboard; name = Base; path = Base.lproj/LaunchScreen.storyboard; sourceTree = "<group>"; };
		8B53915321B4057F00E124A0 /* Info.plist */ = {isa = PBXFileReference; lastKnownFileType = text.plist.xml; path = Info.plist; sourceTree = "<group>"; };
		8B53915821B4057F00E124A0 /* XcodeGenTests.xctest */ = {isa = PBXFileReference; explicitFileType = wrapper.cfbundle; includeInIndex = 0; path = XcodeGenTests.xctest; sourceTree = BUILT_PRODUCTS_DIR; };
		8B53915C21B4057F00E124A0 /* XcodeGenTests.swift */ = {isa = PBXFileReference; lastKnownFileType = sourcecode.swift; path = XcodeGenTests.swift; sourceTree = "<group>"; };
		8B53915E21B4057F00E124A0 /* Info.plist */ = {isa = PBXFileReference; lastKnownFileType = text.plist.xml; path = Info.plist; sourceTree = "<group>"; };
		8B53916321B4057F00E124A0 /* XcodeGenUITests.xctest */ = {isa = PBXFileReference; explicitFileType = wrapper.cfbundle; includeInIndex = 0; path = XcodeGenUITests.xctest; sourceTree = BUILT_PRODUCTS_DIR; };
		8B53916721B4057F00E124A0 /* XcodeGenUITests.swift */ = {isa = PBXFileReference; lastKnownFileType = sourcecode.swift; path = XcodeGenUITests.swift; sourceTree = "<group>"; };
		8B53916921B4057F00E124A0 /* Info.plist */ = {isa = PBXFileReference; lastKnownFileType = text.plist.xml; path = Info.plist; sourceTree = "<group>"; };
		8B5391B821B41ABF00E124A0 /* Notification Service Extension.appex */ = {isa = PBXFileReference; explicitFileType = "wrapper.app-extension"; includeInIndex = 0; path = "Notification Service Extension.appex"; sourceTree = BUILT_PRODUCTS_DIR; };
		8B5391BA21B41ABF00E124A0 /* NotificationService.swift */ = {isa = PBXFileReference; lastKnownFileType = sourcecode.swift; path = NotificationService.swift; sourceTree = "<group>"; };
		8B5391BC21B41ABF00E124A0 /* Info.plist */ = {isa = PBXFileReference; lastKnownFileType = text.plist.xml; path = Info.plist; sourceTree = "<group>"; };
		8B53938A21B4226D00E124A0 /* Alamofire.framework */ = {isa = PBXFileReference; lastKnownFileType = wrapper.framework; path = Alamofire.framework; sourceTree = "<group>"; };
		8B59760D21B42CA3000554EF /* Development.xcconfig */ = {isa = PBXFileReference; fileEncoding = 4; lastKnownFileType = text.xcconfig; path = Development.xcconfig; sourceTree = "<group>"; };
		8B59760E21B42CA3000554EF /* Production.xcconfig */ = {isa = PBXFileReference; fileEncoding = 4; lastKnownFileType = text.xcconfig; path = Production.xcconfig; sourceTree = "<group>"; };
/* End PBXFileReference section */

/* Begin PBXFrameworksBuildPhase section */
		8B53914121B4057D00E124A0 /* Frameworks */ = {
			isa = PBXFrameworksBuildPhase;
			buildActionMask = 2147483647;
			files = (
				8B59760921B42BA5000554EF /* Alamofire.framework in Frameworks */,
			);
			runOnlyForDeploymentPostprocessing = 0;
		};
		8B53915521B4057F00E124A0 /* Frameworks */ = {
			isa = PBXFrameworksBuildPhase;
			buildActionMask = 2147483647;
			files = (
			);
			runOnlyForDeploymentPostprocessing = 0;
		};
		8B53916021B4057F00E124A0 /* Frameworks */ = {
			isa = PBXFrameworksBuildPhase;
			buildActionMask = 2147483647;
			files = (
			);
			runOnlyForDeploymentPostprocessing = 0;
		};
		8B5391B521B41ABF00E124A0 /* Frameworks */ = {
			isa = PBXFrameworksBuildPhase;
			buildActionMask = 2147483647;
			files = (
			);
			runOnlyForDeploymentPostprocessing = 0;
		};
/* End PBXFrameworksBuildPhase section */

/* Begin PBXGroup section */
		8B53913B21B4057D00E124A0 = {
			isa = PBXGroup;
			children = (
				8B59760C21B42CA3000554EF /* Configs */,
				8B5391C521B4222B00E124A0 /* Carthage */,
				8B53914621B4057D00E124A0 /* XcodeGen */,
				8B53915B21B4057F00E124A0 /* XcodeGenTests */,
				8B53916621B4057F00E124A0 /* XcodeGenUITests */,
				8B5391B921B41ABF00E124A0 /* Notification Service Extension */,
				8B53914521B4057D00E124A0 /* Products */,
			);
			sourceTree = "<group>";
		};
		8B53914521B4057D00E124A0 /* Products */ = {
			isa = PBXGroup;
			children = (
				8B53914421B4057D00E124A0 /* Dev.app */,
				8B53915821B4057F00E124A0 /* XcodeGenTests.xctest */,
				8B53916321B4057F00E124A0 /* XcodeGenUITests.xctest */,
				8B5391B821B41ABF00E124A0 /* Notification Service Extension.appex */,
			);
			name = Products;
			sourceTree = "<group>";
		};
		8B53914621B4057D00E124A0 /* XcodeGen */ = {
			isa = PBXGroup;
			children = (
				8B53914721B4057D00E124A0 /* AppDelegate.swift */,
				8B53914921B4057D00E124A0 /* ViewController.swift */,
				8B53914B21B4057D00E124A0 /* Main.storyboard */,
				8B53914E21B4057F00E124A0 /* Assets.xcassets */,
				8B53915021B4057F00E124A0 /* LaunchScreen.storyboard */,
				8B53915321B4057F00E124A0 /* Info.plist */,
			);
			path = XcodeGen;
			sourceTree = "<group>";
		};
		8B53915B21B4057F00E124A0 /* XcodeGenTests */ = {
			isa = PBXGroup;
			children = (
				8B53915C21B4057F00E124A0 /* XcodeGenTests.swift */,
				8B53915E21B4057F00E124A0 /* Info.plist */,
			);
			path = XcodeGenTests;
			sourceTree = "<group>";
		};
		8B53916621B4057F00E124A0 /* XcodeGenUITests */ = {
			isa = PBXGroup;
			children = (
				8B53916721B4057F00E124A0 /* XcodeGenUITests.swift */,
				8B53916921B4057F00E124A0 /* Info.plist */,
			);
			path = XcodeGenUITests;
			sourceTree = "<group>";
		};
		8B5391B921B41ABF00E124A0 /* Notification Service Extension */ = {
			isa = PBXGroup;
			children = (
				8B5391BA21B41ABF00E124A0 /* NotificationService.swift */,
				8B5391BC21B41ABF00E124A0 /* Info.plist */,
			);
			path = "Notification Service Extension";
			sourceTree = "<group>";
		};
		8B5391C521B4222B00E124A0 /* Carthage */ = {
			isa = PBXGroup;
			children = (
				8B53938721B4226D00E124A0 /* iOS */,
			);
			path = Carthage;
			sourceTree = "<group>";
		};
		8B53938721B4226D00E124A0 /* iOS */ = {
			isa = PBXGroup;
			children = (
				8B53938A21B4226D00E124A0 /* Alamofire.framework */,
			);
			name = iOS;
			path = Build/iOS;
			sourceTree = "<group>";
		};
		8B59760C21B42CA3000554EF /* Configs */ = {
			isa = PBXGroup;
			children = (
				8B59760D21B42CA3000554EF /* Development.xcconfig */,
				8B59760E21B42CA3000554EF /* Production.xcconfig */,
			);
			path = Configs;
			sourceTree = "<group>";
		};
/* End PBXGroup section */

/* Begin PBXNativeTarget section */
		8B53914321B4057D00E124A0 /* XcodeGen */ = {
			isa = PBXNativeTarget;
			buildConfigurationList = 8B53916C21B4057F00E124A0 /* Build configuration list for PBXNativeTarget "XcodeGen" */;
			buildPhases = (
				8B53914021B4057D00E124A0 /* Sources */,
				8B53914121B4057D00E124A0 /* Frameworks */,
				8B53914221B4057D00E124A0 /* Resources */,
				8B5391C321B41ABF00E124A0 /* Embed App Extensions */,
				8B59760B21B42BA5000554EF /* Embed Frameworks */,
			);
			buildRules = (
			);
			dependencies = (
				8B5391BE21B41ABF00E124A0 /* PBXTargetDependency */,
			);
			name = XcodeGen;
			productName = XcodeGen;
			productReference = 8B53914421B4057D00E124A0 /* Dev.app */;
			productType = "com.apple.product-type.application";
		};
		8B53915721B4057F00E124A0 /* XcodeGenTests */ = {
			isa = PBXNativeTarget;
			buildConfigurationList = 8B53916F21B4057F00E124A0 /* Build configuration list for PBXNativeTarget "XcodeGenTests" */;
			buildPhases = (
				8B53915421B4057F00E124A0 /* Sources */,
				8B53915521B4057F00E124A0 /* Frameworks */,
				8B53915621B4057F00E124A0 /* Resources */,
			);
			buildRules = (
			);
			dependencies = (
				8B53915A21B4057F00E124A0 /* PBXTargetDependency */,
			);
			name = XcodeGenTests;
			productName = XcodeGenTests;
			productReference = 8B53915821B4057F00E124A0 /* XcodeGenTests.xctest */;
			productType = "com.apple.product-type.bundle.unit-test";
		};
		8B53916221B4057F00E124A0 /* XcodeGenUITests */ = {
			isa = PBXNativeTarget;
			buildConfigurationList = 8B53917221B4057F00E124A0 /* Build configuration list for PBXNativeTarget "XcodeGenUITests" */;
			buildPhases = (
				8B53915F21B4057F00E124A0 /* Sources */,
				8B53916021B4057F00E124A0 /* Frameworks */,
				8B53916121B4057F00E124A0 /* Resources */,
			);
			buildRules = (
			);
			dependencies = (
				8B53916521B4057F00E124A0 /* PBXTargetDependency */,
			);
			name = XcodeGenUITests;
			productName = XcodeGenUITests;
			productReference = 8B53916321B4057F00E124A0 /* XcodeGenUITests.xctest */;
			productType = "com.apple.product-type.bundle.ui-testing";
		};
		8B5391B721B41ABF00E124A0 /* Notification Service Extension */ = {
			isa = PBXNativeTarget;
			buildConfigurationList = 8B5391C221B41ABF00E124A0 /* Build configuration list for PBXNativeTarget "Notification Service Extension" */;
			buildPhases = (
				8B5391B421B41ABF00E124A0 /* Sources */,
				8B5391B521B41ABF00E124A0 /* Frameworks */,
				8B5391B621B41ABF00E124A0 /* Resources */,
				8B53939021B4228A00E124A0 /* Carthage */,
			);
			buildRules = (
			);
			dependencies = (
			);
			name = "Notification Service Extension";
			productName = "Notification Service Extension";
			productReference = 8B5391B821B41ABF00E124A0 /* Notification Service Extension.appex */;
			productType = "com.apple.product-type.app-extension";
		};
/* End PBXNativeTarget section */

/* Begin PBXProject section */
		8B53913C21B4057D00E124A0 /* Project object */ = {
			isa = PBXProject;
			attributes = {
				LastSwiftUpdateCheck = 1010;
				LastUpgradeCheck = 1010;
				ORGANIZATIONNAME = "Ste Prescott";
				TargetAttributes = {
					8B53914321B4057D00E124A0 = {
						CreatedOnToolsVersion = 10.1;
					};
					8B53915721B4057F00E124A0 = {
						CreatedOnToolsVersion = 10.1;
						TestTargetID = 8B53914321B4057D00E124A0;
					};
					8B53916221B4057F00E124A0 = {
						CreatedOnToolsVersion = 10.1;
						TestTargetID = 8B53914321B4057D00E124A0;
					};
					8B5391B721B41ABF00E124A0 = {
						CreatedOnToolsVersion = 10.1;
					};
				};
			};
			buildConfigurationList = 8B53913F21B4057D00E124A0 /* Build configuration list for PBXProject "XcodeGen" */;
			compatibilityVersion = "Xcode 9.3";
			developmentRegion = en;
			hasScannedForEncodings = 0;
			knownRegions = (
				en,
				Base,
			);
			mainGroup = 8B53913B21B4057D00E124A0;
			productRefGroup = 8B53914521B4057D00E124A0 /* Products */;
			projectDirPath = "";
			projectRoot = "";
			targets = (
				8B53914321B4057D00E124A0 /* XcodeGen */,
				8B53915721B4057F00E124A0 /* XcodeGenTests */,
				8B53916221B4057F00E124A0 /* XcodeGenUITests */,
				8B5391B721B41ABF00E124A0 /* Notification Service Extension */,
			);
		};
/* End PBXProject section */

/* Begin PBXResourcesBuildPhase section */
		8B53914221B4057D00E124A0 /* Resources */ = {
			isa = PBXResourcesBuildPhase;
			buildActionMask = 2147483647;
			files = (
				8B53915221B4057F00E124A0 /* LaunchScreen.storyboard in Resources */,
				8B59761021B42CA3000554EF /* Production.xcconfig in Resources */,
				8B53914F21B4057F00E124A0 /* Assets.xcassets in Resources */,
				8B59760F21B42CA3000554EF /* Development.xcconfig in Resources */,
				8B53914D21B4057D00E124A0 /* Main.storyboard in Resources */,
			);
			runOnlyForDeploymentPostprocessing = 0;
		};
		8B53915621B4057F00E124A0 /* Resources */ = {
			isa = PBXResourcesBuildPhase;
			buildActionMask = 2147483647;
			files = (
			);
			runOnlyForDeploymentPostprocessing = 0;
		};
		8B53916121B4057F00E124A0 /* Resources */ = {
			isa = PBXResourcesBuildPhase;
			buildActionMask = 2147483647;
			files = (
			);
			runOnlyForDeploymentPostprocessing = 0;
		};
		8B5391B621B41ABF00E124A0 /* Resources */ = {
			isa = PBXResourcesBuildPhase;
			buildActionMask = 2147483647;
			files = (
			);
			runOnlyForDeploymentPostprocessing = 0;
		};
/* End PBXResourcesBuildPhase section */

/* Begin PBXShellScriptBuildPhase section */
		8B53939021B4228A00E124A0 /* Carthage */ = {
			isa = PBXShellScriptBuildPhase;
			buildActionMask = 2147483647;
			files = (
			);
			inputFileListPaths = (
			);
			inputPaths = (
				"$(SRCROOT)/Carthage/Build/iOS/Alamofire.framework",
			);
			name = Carthage;
			outputFileListPaths = (
			);
			outputPaths = (
				"$(BUILT_PRODUCTS_DIR)/$(FRAMEWORKS_FOLDER_PATH)/Alamofire.framework",
			);
			runOnlyForDeploymentPostprocessing = 0;
			shellPath = /bin/sh;
			shellScript = "carthage copy-frameworks\n";
		};
/* End PBXShellScriptBuildPhase section */

/* Begin PBXSourcesBuildPhase section */
		8B53914021B4057D00E124A0 /* Sources */ = {
			isa = PBXSourcesBuildPhase;
			buildActionMask = 2147483647;
			files = (
				8B53914A21B4057D00E124A0 /* ViewController.swift in Sources */,
				8B53914821B4057D00E124A0 /* AppDelegate.swift in Sources */,
			);
			runOnlyForDeploymentPostprocessing = 0;
		};
		8B53915421B4057F00E124A0 /* Sources */ = {
			isa = PBXSourcesBuildPhase;
			buildActionMask = 2147483647;
			files = (
				8B53915D21B4057F00E124A0 /* XcodeGenTests.swift in Sources */,
			);
			runOnlyForDeploymentPostprocessing = 0;
		};
		8B53915F21B4057F00E124A0 /* Sources */ = {
			isa = PBXSourcesBuildPhase;
			buildActionMask = 2147483647;
			files = (
				8B53916821B4057F00E124A0 /* XcodeGenUITests.swift in Sources */,
			);
			runOnlyForDeploymentPostprocessing = 0;
		};
		8B5391B421B41ABF00E124A0 /* Sources */ = {
			isa = PBXSourcesBuildPhase;
			buildActionMask = 2147483647;
			files = (
				8B5391BB21B41ABF00E124A0 /* NotificationService.swift in Sources */,
			);
			runOnlyForDeploymentPostprocessing = 0;
		};
/* End PBXSourcesBuildPhase section */

/* Begin PBXTargetDependency section */
		8B53915A21B4057F00E124A0 /* PBXTargetDependency */ = {
			isa = PBXTargetDependency;
			target = 8B53914321B4057D00E124A0 /* XcodeGen */;
			targetProxy = 8B53915921B4057F00E124A0 /* PBXContainerItemProxy */;
		};
		8B53916521B4057F00E124A0 /* PBXTargetDependency */ = {
			isa = PBXTargetDependency;
			target = 8B53914321B4057D00E124A0 /* XcodeGen */;
			targetProxy = 8B53916421B4057F00E124A0 /* PBXContainerItemProxy */;
		};
		8B5391BE21B41ABF00E124A0 /* PBXTargetDependency */ = {
			isa = PBXTargetDependency;
			target = 8B5391B721B41ABF00E124A0 /* Notification Service Extension */;
			targetProxy = 8B5391BD21B41ABF00E124A0 /* PBXContainerItemProxy */;
		};
/* End PBXTargetDependency section */

/* Begin PBXVariantGroup section */
		8B53914B21B4057D00E124A0 /* Main.storyboard */ = {
			isa = PBXVariantGroup;
			children = (
				8B53914C21B4057D00E124A0 /* Base */,
			);
			name = Main.storyboard;
			sourceTree = "<group>";
		};
		8B53915021B4057F00E124A0 /* LaunchScreen.storyboard */ = {
			isa = PBXVariantGroup;
			children = (
				8B53915121B4057F00E124A0 /* Base */,
			);
			name = LaunchScreen.storyboard;
			sourceTree = "<group>";
		};
/* End PBXVariantGroup section */

/* Begin XCBuildConfiguration section */
		8B53916A21B4057F00E124A0 /* Debug */ = {
			isa = XCBuildConfiguration;
			baseConfigurationReference = 8B59760D21B42CA3000554EF /* Development.xcconfig */;
			buildSettings = {
				ALWAYS_SEARCH_USER_PATHS = NO;
				CLANG_ANALYZER_NONNULL = YES;
				CLANG_ANALYZER_NUMBER_OBJECT_CONVERSION = YES_AGGRESSIVE;
				CLANG_CXX_LANGUAGE_STANDARD = "gnu++14";
				CLANG_CXX_LIBRARY = "libc++";
				CLANG_ENABLE_MODULES = YES;
				CLANG_ENABLE_OBJC_ARC = YES;
				CLANG_ENABLE_OBJC_WEAK = YES;
				CLANG_WARN_BLOCK_CAPTURE_AUTORELEASING = YES;
				CLANG_WARN_BOOL_CONVERSION = YES;
				CLANG_WARN_COMMA = YES;
				CLANG_WARN_CONSTANT_CONVERSION = YES;
				CLANG_WARN_DEPRECATED_OBJC_IMPLEMENTATIONS = YES;
				CLANG_WARN_DIRECT_OBJC_ISA_USAGE = YES_ERROR;
				CLANG_WARN_DOCUMENTATION_COMMENTS = YES;
				CLANG_WARN_EMPTY_BODY = YES;
				CLANG_WARN_ENUM_CONVERSION = YES;
				CLANG_WARN_INFINITE_RECURSION = YES;
				CLANG_WARN_INT_CONVERSION = YES;
				CLANG_WARN_NON_LITERAL_NULL_CONVERSION = YES;
				CLANG_WARN_OBJC_IMPLICIT_RETAIN_SELF = YES;
				CLANG_WARN_OBJC_LITERAL_CONVERSION = YES;
				CLANG_WARN_OBJC_ROOT_CLASS = YES_ERROR;
				CLANG_WARN_RANGE_LOOP_ANALYSIS = YES;
				CLANG_WARN_STRICT_PROTOTYPES = YES;
				CLANG_WARN_SUSPICIOUS_MOVE = YES;
				CLANG_WARN_UNGUARDED_AVAILABILITY = YES_AGGRESSIVE;
				CLANG_WARN_UNREACHABLE_CODE = YES;
				CLANG_WARN__DUPLICATE_METHOD_MATCH = YES;
				CODE_SIGN_IDENTITY = "iPhone Developer";
				COPY_PHASE_STRIP = NO;
				DEBUG_INFORMATION_FORMAT = dwarf;
				ENABLE_STRICT_OBJC_MSGSEND = YES;
				ENABLE_TESTABILITY = YES;
				GCC_C_LANGUAGE_STANDARD = gnu11;
				GCC_DYNAMIC_NO_PIC = NO;
				GCC_NO_COMMON_BLOCKS = YES;
				GCC_OPTIMIZATION_LEVEL = 0;
				GCC_PREPROCESSOR_DEFINITIONS = (
					"DEBUG=1",
					"$(inherited)",
				);
				GCC_WARN_64_TO_32_BIT_CONVERSION = YES;
				GCC_WARN_ABOUT_RETURN_TYPE = YES_ERROR;
				GCC_WARN_UNDECLARED_SELECTOR = YES;
				GCC_WARN_UNINITIALIZED_AUTOS = YES_AGGRESSIVE;
				GCC_WARN_UNUSED_FUNCTION = YES;
				GCC_WARN_UNUSED_VARIABLE = YES;
				IPHONEOS_DEPLOYMENT_TARGET = 12.1;
				MTL_ENABLE_DEBUG_INFO = INCLUDE_SOURCE;
				MTL_FAST_MATH = YES;
				ONLY_ACTIVE_ARCH = YES;
				SDKROOT = iphoneos;
				SWIFT_ACTIVE_COMPILATION_CONDITIONS = DEBUG;
				SWIFT_OPTIMIZATION_LEVEL = "-Onone";
			};
			name = Debug;
		};
		8B53916B21B4057F00E124A0 /* Release */ = {
			isa = XCBuildConfiguration;
			baseConfigurationReference = 8B59760E21B42CA3000554EF /* Production.xcconfig */;
			buildSettings = {
				ALWAYS_SEARCH_USER_PATHS = NO;
				CLANG_ANALYZER_NONNULL = YES;
				CLANG_ANALYZER_NUMBER_OBJECT_CONVERSION = YES_AGGRESSIVE;
				CLANG_CXX_LANGUAGE_STANDARD = "gnu++14";
				CLANG_CXX_LIBRARY = "libc++";
				CLANG_ENABLE_MODULES = YES;
				CLANG_ENABLE_OBJC_ARC = YES;
				CLANG_ENABLE_OBJC_WEAK = YES;
				CLANG_WARN_BLOCK_CAPTURE_AUTORELEASING = YES;
				CLANG_WARN_BOOL_CONVERSION = YES;
				CLANG_WARN_COMMA = YES;
				CLANG_WARN_CONSTANT_CONVERSION = YES;
				CLANG_WARN_DEPRECATED_OBJC_IMPLEMENTATIONS = YES;
				CLANG_WARN_DIRECT_OBJC_ISA_USAGE = YES_ERROR;
				CLANG_WARN_DOCUMENTATION_COMMENTS = YES;
				CLANG_WARN_EMPTY_BODY = YES;
				CLANG_WARN_ENUM_CONVERSION = YES;
				CLANG_WARN_INFINITE_RECURSION = YES;
				CLANG_WARN_INT_CONVERSION = YES;
				CLANG_WARN_NON_LITERAL_NULL_CONVERSION = YES;
				CLANG_WARN_OBJC_IMPLICIT_RETAIN_SELF = YES;
				CLANG_WARN_OBJC_LITERAL_CONVERSION = YES;
				CLANG_WARN_OBJC_ROOT_CLASS = YES_ERROR;
				CLANG_WARN_RANGE_LOOP_ANALYSIS = YES;
				CLANG_WARN_STRICT_PROTOTYPES = YES;
				CLANG_WARN_SUSPICIOUS_MOVE = YES;
				CLANG_WARN_UNGUARDED_AVAILABILITY = YES_AGGRESSIVE;
				CLANG_WARN_UNREACHABLE_CODE = YES;
				CLANG_WARN__DUPLICATE_METHOD_MATCH = YES;
				CODE_SIGN_IDENTITY = "iPhone Developer";
				COPY_PHASE_STRIP = NO;
				DEBUG_INFORMATION_FORMAT = "dwarf-with-dsym";
				ENABLE_NS_ASSERTIONS = NO;
				ENABLE_STRICT_OBJC_MSGSEND = YES;
				GCC_C_LANGUAGE_STANDARD = gnu11;
				GCC_NO_COMMON_BLOCKS = YES;
				GCC_WARN_64_TO_32_BIT_CONVERSION = YES;
				GCC_WARN_ABOUT_RETURN_TYPE = YES_ERROR;
				GCC_WARN_UNDECLARED_SELECTOR = YES;
				GCC_WARN_UNINITIALIZED_AUTOS = YES_AGGRESSIVE;
				GCC_WARN_UNUSED_FUNCTION = YES;
				GCC_WARN_UNUSED_VARIABLE = YES;
				IPHONEOS_DEPLOYMENT_TARGET = 12.1;
				MTL_ENABLE_DEBUG_INFO = NO;
				MTL_FAST_MATH = YES;
				SDKROOT = iphoneos;
				SWIFT_COMPILATION_MODE = wholemodule;
				SWIFT_OPTIMIZATION_LEVEL = "-O";
				VALIDATE_PRODUCT = YES;
			};
			name = Release;
		};
		8B53916D21B4057F00E124A0 /* Debug */ = {
			isa = XCBuildConfiguration;
			baseConfigurationReference = 8B59760D21B42CA3000554EF /* Development.xcconfig */;
			buildSettings = {
				ALWAYS_EMBED_SWIFT_STANDARD_LIBRARIES = YES;
				ASSETCATALOG_COMPILER_APPICON_NAME = AppIcon;
				CODE_SIGN_STYLE = Automatic;
				FRAMEWORK_SEARCH_PATHS = (
					"$(inherited)",
					"$(PROJECT_DIR)/Carthage/Build/iOS",
				);
				INFOPLIST_FILE = XcodeGen/Info.plist;
				LD_RUNPATH_SEARCH_PATHS = (
					"$(inherited)",
					"@executable_path/Frameworks",
				);
				PRODUCT_BUNDLE_IDENTIFIER = "$(PRODUCT_BUNDLE_IDENTIFIER)";
				PRODUCT_NAME = "$(PRODUCT_NAME)";
				SWIFT_VERSION = 4.2;
				TARGETED_DEVICE_FAMILY = "1,2";
			};
			name = Debug;
		};
		8B53916E21B4057F00E124A0 /* Release */ = {
			isa = XCBuildConfiguration;
			baseConfigurationReference = 8B59760E21B42CA3000554EF /* Production.xcconfig */;
			buildSettings = {
				ALWAYS_EMBED_SWIFT_STANDARD_LIBRARIES = YES;
				ASSETCATALOG_COMPILER_APPICON_NAME = AppIcon;
				CODE_SIGN_STYLE = Automatic;
				FRAMEWORK_SEARCH_PATHS = (
					"$(inherited)",
					"$(PROJECT_DIR)/Carthage/Build/iOS",
				);
				INFOPLIST_FILE = XcodeGen/Info.plist;
				LD_RUNPATH_SEARCH_PATHS = (
					"$(inherited)",
					"@executable_path/Frameworks",
				);
				PRODUCT_BUNDLE_IDENTIFIER = "$(PRODUCT_BUNDLE_IDENTIFIER)";
				PRODUCT_NAME = "$(PRODUCT_NAME)";
				SWIFT_VERSION = 4.2;
				TARGETED_DEVICE_FAMILY = "1,2";
			};
			name = Release;
		};
		8B53917021B4057F00E124A0 /* Debug */ = {
			isa = XCBuildConfiguration;
			buildSettings = {
				ALWAYS_EMBED_SWIFT_STANDARD_LIBRARIES = YES;
				BUNDLE_LOADER = "$(TEST_HOST)";
				CODE_SIGN_STYLE = Automatic;
				INFOPLIST_FILE = XcodeGenTests/Info.plist;
				LD_RUNPATH_SEARCH_PATHS = (
					"$(inherited)",
					"@executable_path/Frameworks",
					"@loader_path/Frameworks",
				);
				PRODUCT_BUNDLE_IDENTIFIER = me.steprescott.XcodeGenTests;
				PRODUCT_NAME = "$(TARGET_NAME)";
				SWIFT_VERSION = 4.2;
				TARGETED_DEVICE_FAMILY = "1,2";
				TEST_HOST = "$(BUILT_PRODUCTS_DIR)/XcodeGen.app/XcodeGen";
			};
			name = Debug;
		};
		8B53917121B4057F00E124A0 /* Release */ = {
			isa = XCBuildConfiguration;
			buildSettings = {
				ALWAYS_EMBED_SWIFT_STANDARD_LIBRARIES = YES;
				BUNDLE_LOADER = "$(TEST_HOST)";
				CODE_SIGN_STYLE = Automatic;
				INFOPLIST_FILE = XcodeGenTests/Info.plist;
				LD_RUNPATH_SEARCH_PATHS = (
					"$(inherited)",
					"@executable_path/Frameworks",
					"@loader_path/Frameworks",
				);
				PRODUCT_BUNDLE_IDENTIFIER = me.steprescott.XcodeGenTests;
				PRODUCT_NAME = "$(TARGET_NAME)";
				SWIFT_VERSION = 4.2;
				TARGETED_DEVICE_FAMILY = "1,2";
				TEST_HOST = "$(BUILT_PRODUCTS_DIR)/XcodeGen.app/XcodeGen";
			};
			name = Release;
		};
		8B53917321B4057F00E124A0 /* Debug */ = {
			isa = XCBuildConfiguration;
			buildSettings = {
				ALWAYS_EMBED_SWIFT_STANDARD_LIBRARIES = YES;
				CODE_SIGN_STYLE = Automatic;
				INFOPLIST_FILE = XcodeGenUITests/Info.plist;
				LD_RUNPATH_SEARCH_PATHS = (
					"$(inherited)",
					"@executable_path/Frameworks",
					"@loader_path/Frameworks",
				);
				PRODUCT_BUNDLE_IDENTIFIER = me.steprescott.XcodeGenUITests;
				PRODUCT_NAME = "$(TARGET_NAME)";
				SWIFT_VERSION = 4.2;
				TARGETED_DEVICE_FAMILY = "1,2";
				TEST_TARGET_NAME = XcodeGen;
			};
			name = Debug;
		};
		8B53917421B4057F00E124A0 /* Release */ = {
			isa = XCBuildConfiguration;
			buildSettings = {
				ALWAYS_EMBED_SWIFT_STANDARD_LIBRARIES = YES;
				CODE_SIGN_STYLE = Automatic;
				INFOPLIST_FILE = XcodeGenUITests/Info.plist;
				LD_RUNPATH_SEARCH_PATHS = (
					"$(inherited)",
					"@executable_path/Frameworks",
					"@loader_path/Frameworks",
				);
				PRODUCT_BUNDLE_IDENTIFIER = me.steprescott.XcodeGenUITests;
				PRODUCT_NAME = "$(TARGET_NAME)";
				SWIFT_VERSION = 4.2;
				TARGETED_DEVICE_FAMILY = "1,2";
				TEST_TARGET_NAME = XcodeGen;
			};
			name = Release;
		};
		8B5391C021B41ABF00E124A0 /* Debug */ = {
			isa = XCBuildConfiguration;
			buildSettings = {
				CODE_SIGN_STYLE = Automatic;
				INFOPLIST_FILE = "Notification Service Extension/Info.plist";
				LD_RUNPATH_SEARCH_PATHS = (
					"$(inherited)",
					"@executable_path/Frameworks",
					"@executable_path/../../Frameworks",
				);
				PRODUCT_BUNDLE_IDENTIFIER = "$(PRODUCT_BUNDLE_IDENTIFIER).Notification-Service-Extension";
				PRODUCT_NAME = "$(TARGET_NAME)";
				SKIP_INSTALL = YES;
				SWIFT_VERSION = 4.2;
				TARGETED_DEVICE_FAMILY = "1,2";
			};
			name = Debug;
		};
		8B5391C121B41ABF00E124A0 /* Release */ = {
			isa = XCBuildConfiguration;
			buildSettings = {
				CODE_SIGN_STYLE = Automatic;
				INFOPLIST_FILE = "Notification Service Extension/Info.plist";
				LD_RUNPATH_SEARCH_PATHS = (
					"$(inherited)",
					"@executable_path/Frameworks",
					"@executable_path/../../Frameworks",
				);
				PRODUCT_BUNDLE_IDENTIFIER = "$(PRODUCT_BUNDLE_IDENTIFIER).Notification-Service-Extension";
				PRODUCT_NAME = "$(TARGET_NAME)";
				SKIP_INSTALL = YES;
				SWIFT_VERSION = 4.2;
				TARGETED_DEVICE_FAMILY = "1,2";
			};
			name = Release;
		};
/* End XCBuildConfiguration section */

/* Begin XCConfigurationList section */
		8B53913F21B4057D00E124A0 /* Build configuration list for PBXProject "XcodeGen" */ = {
			isa = XCConfigurationList;
			buildConfigurations = (
				8B53916A21B4057F00E124A0 /* Debug */,
				8B53916B21B4057F00E124A0 /* Release */,
			);
			defaultConfigurationIsVisible = 0;
			defaultConfigurationName = Release;
		};
		8B53916C21B4057F00E124A0 /* Build configuration list for PBXNativeTarget "XcodeGen" */ = {
			isa = XCConfigurationList;
			buildConfigurations = (
				8B53916D21B4057F00E124A0 /* Debug */,
				8B53916E21B4057F00E124A0 /* Release */,
			);
			defaultConfigurationIsVisible = 0;
			defaultConfigurationName = Release;
		};
		8B53916F21B4057F00E124A0 /* Build configuration list for PBXNativeTarget "XcodeGenTests" */ = {
			isa = XCConfigurationList;
			buildConfigurations = (
				8B53917021B4057F00E124A0 /* Debug */,
				8B53917121B4057F00E124A0 /* Release */,
			);
			defaultConfigurationIsVisible = 0;
			defaultConfigurationName = Release;
		};
		8B53917221B4057F00E124A0 /* Build configuration list for PBXNativeTarget "XcodeGenUITests" */ = {
			isa = XCConfigurationList;
			buildConfigurations = (
				8B53917321B4057F00E124A0 /* Debug */,
				8B53917421B4057F00E124A0 /* Release */,
			);
			defaultConfigurationIsVisible = 0;
			defaultConfigurationName = Release;
		};
		8B5391C221B41ABF00E124A0 /* Build configuration list for PBXNativeTarget "Notification Service Extension" */ = {
			isa = XCConfigurationList;
			buildConfigurations = (
				8B5391C021B41ABF00E124A0 /* Debug */,
				8B5391C121B41ABF00E124A0 /* Release */,
			);
			defaultConfigurationIsVisible = 0;
			defaultConfigurationName = Release;
		};
/* End XCConfigurationList section */
	};
	rootObject = 8B53913C21B4057D00E124A0 /* Project object */;
}
